
Microsoft Visual Studio Solution File, Format Version 10.00
# Visual Studio 2008
Project("{F184B08F-C81C-45F6-A57F-5ABD9991F28F}") = "WDK.Media.Feeds", "WDK.Media.Feeds\WDK.Media.Feeds.vbproj", "{3073E3DF-A629-4522-AC65-7E6D5C9E581C}"
EndProject
Project("{F184B08F-C81C-45F6-A57F-5ABD9991F28F}") = "Test_Feeds", "Test_Feeds\Test_Feeds.vbproj", "{01F3410A-7B0A-4843-BFED-9571B95D2884}"
EndProject
Global
	GlobalSection(SolutionConfigurationPlatforms) = preSolution
		Debug|Any CPU = Debug|Any CPU
		Release|Any CPU = Release|Any CPU
	EndGlobalSection
	GlobalSection(ProjectConfigurationPlatforms) = postSolution
		{3073E3DF-A629-4522-AC65-7E6D5C9E581C}.Debug|Any CPU.ActiveCfg = Debug|Any CPU
		{3073E3DF-A629-4522-AC65-7E6D5C9E581C}.Debug|Any CPU.Build.0 = Debug|Any CPU
		{3073E3DF-A629-4522-AC65-7E6D5C9E581C}.Release|Any CPU.ActiveCfg = Release|Any CPU
		{3073E3DF-A629-4522-AC65-7E6D5C9E581C}.Release|Any CPU.Build.0 = Release|Any CPU
		{01F3410A-7B0A-4843-BFED-9571B95D2884}.Debug|Any CPU.ActiveCfg = Debug|Any CPU
		{01F3410A-7B0A-4843-BFED-9571B95D2884}.Debug|Any CPU.Build.0 = Debug|Any CPU
		{01F3410A-7B0A-4843-BFED-9571B95D2884}.Release|Any CPU.ActiveCfg = Release|Any CPU
		{01F3410A-7B0A-4843-BFED-9571B95D2884}.Release|Any CPU.Build.0 = Release|Any CPU
	EndGlobalSection
	GlobalSection(SolutionProperties) = preSolution
		HideSolutionNode = FALSE
	EndGlobalSection
EndGlobal
