
Microsoft Visual Studio Solution File, Format Version 9.00
# Visual Studio 2005
Project("{F184B08F-C81C-45F6-A57F-5ABD9991F28F}") = "wdk.gui.ganttchart", "wdk.gui.ganttchart.vbproj", "{2244D747-0570-41B6-86DA-FB7186B5A8B6}"
	ProjectSection(WebsiteProperties) = preProject
		Debug.AspNetCompiler.Debug = "True"
		Release.AspNetCompiler.Debug = "False"
	EndProjectSection
EndProject
Global
	GlobalSection(SolutionConfigurationPlatforms) = preSolution
		Debug|Any CPU = Debug|Any CPU
		Release|Any CPU = Release|Any CPU
	EndGlobalSection
	GlobalSection(ProjectConfigurationPlatforms) = postSolution
		{2244D747-0570-41B6-86DA-FB7186B5A8B6}.Debug|Any CPU.ActiveCfg = Debug|Any CPU
		{2244D747-0570-41B6-86DA-FB7186B5A8B6}.Debug|Any CPU.Build.0 = Debug|Any CPU
		{2244D747-0570-41B6-86DA-FB7186B5A8B6}.Release|Any CPU.ActiveCfg = Release|Any CPU
		{2244D747-0570-41B6-86DA-FB7186B5A8B6}.Release|Any CPU.Build.0 = Release|Any CPU
	EndGlobalSection
	GlobalSection(SolutionProperties) = preSolution
		HideSolutionNode = FALSE
	EndGlobalSection
EndGlobal
