
Microsoft Visual Studio Solution File, Format Version 10.00
# Visual Studio 2008
Project("{F184B08F-C81C-45F6-A57F-5ABD9991F28F}") = "test_siplib", "test_siplib.vbproj", "{BC507535-B103-43A2-BFE9-D5E51A635E08}"
EndProject
Global
	GlobalSection(SolutionConfigurationPlatforms) = preSolution
		Debug|Any CPU = Debug|Any CPU
		Release|Any CPU = Release|Any CPU
	EndGlobalSection
	GlobalSection(ProjectConfigurationPlatforms) = postSolution
		{BC507535-B103-43A2-BFE9-D5E51A635E08}.Debug|Any CPU.ActiveCfg = Debug|Any CPU
		{BC507535-B103-43A2-BFE9-D5E51A635E08}.Debug|Any CPU.Build.0 = Debug|Any CPU
		{BC507535-B103-43A2-BFE9-D5E51A635E08}.Release|Any CPU.ActiveCfg = Release|Any CPU
		{BC507535-B103-43A2-BFE9-D5E51A635E08}.Release|Any CPU.Build.0 = Release|Any CPU
	EndGlobalSection
	GlobalSection(SolutionProperties) = preSolution
		HideSolutionNode = FALSE
	EndGlobalSection
EndGlobal
